
Microsoft Visual Studio Solution File, Format Version 12.00
# Visual Studio Version 17
VisualStudioVersion = 17.14.36109.1 d17.14
MinimumVisualStudioVersion = 10.0.40219.1
Project("{FAE04EC0-301F-11D3-BF4B-00C04F79EFBC}") = "LaptopsGUI", "LaptopsGUI\LaptopsGUI.csproj", "{A17AA48E-15C3-4347-9567-9C275C51502B}"
EndProject
Global
	GlobalSection(SolutionConfigurationPlatforms) = preSolution
		Debug|Any CPU = Debug|Any CPU
		Release|Any CPU = Release|Any CPU
	EndGlobalSection
	GlobalSection(ProjectConfigurationPlatforms) = postSolution
		{A17AA48E-15C3-4347-9567-9C275C51502B}.Debug|Any CPU.ActiveCfg = Debug|Any CPU
		{A17AA48E-15C3-4347-9567-9C275C51502B}.Debug|Any CPU.Build.0 = Debug|Any CPU
		{A17AA48E-15C3-4347-9567-9C275C51502B}.Release|Any CPU.ActiveCfg = Release|Any CPU
		{A17AA48E-15C3-4347-9567-9C275C51502B}.Release|Any CPU.Build.0 = Release|Any CPU
	EndGlobalSection
	GlobalSection(SolutionProperties) = preSolution
		HideSolutionNode = FALSE
	EndGlobalSection
	GlobalSection(ExtensibilityGlobals) = postSolution
		SolutionGuid = {DD406A8A-E53B-4B18-B34A-F664A2C0C3A7}
	EndGlobalSection
EndGlobal
